
Microsoft Visual Studio Solution File, Format Version 12.00
# Visual Studio 15
VisualStudioVersion = 15.0.28010.0
MinimumVisualStudioVersion = 10.0.40219.1
Project("{FAE04EC0-301F-11D3-BF4B-00C04F79EFBC}") = "3Lottobollar", "3Lottobollar\3Lottobollar.csproj", "{8503AB0C-B17E-4454-B2DC-F1677D6E7EEF}"
EndProject
Global
	GlobalSection(SolutionConfigurationPlatforms) = preSolution
		Debug|Any CPU = Debug|Any CPU
		Release|Any CPU = Release|Any CPU
	EndGlobalSection
	GlobalSection(ProjectConfigurationPlatforms) = postSolution
		{8503AB0C-B17E-4454-B2DC-F1677D6E7EEF}.Debug|Any CPU.ActiveCfg = Debug|Any CPU
		{8503AB0C-B17E-4454-B2DC-F1677D6E7EEF}.Debug|Any CPU.Build.0 = Debug|Any CPU
		{8503AB0C-B17E-4454-B2DC-F1677D6E7EEF}.Release|Any CPU.ActiveCfg = Release|Any CPU
		{8503AB0C-B17E-4454-B2DC-F1677D6E7EEF}.Release|Any CPU.Build.0 = Release|Any CPU
	EndGlobalSection
	GlobalSection(SolutionProperties) = preSolution
		HideSolutionNode = FALSE
	EndGlobalSection
	GlobalSection(ExtensibilityGlobals) = postSolution
		SolutionGuid = {EAE13F71-F098-4E4C-B1A7-7F2F1208F660}
	EndGlobalSection
EndGlobal
