
Microsoft Visual Studio Solution File, Format Version 12.00
# Visual Studio 15
VisualStudioVersion = 15.0.28010.0
MinimumVisualStudioVersion = 10.0.40219.1
Project("{FAE04EC0-301F-11D3-BF4B-00C04F79EFBC}") = "3test", "3test\3test.csproj", "{2DBFF294-E0BC-4962-B237-EFC2C81E1A4A}"
EndProject
Global
	GlobalSection(SolutionConfigurationPlatforms) = preSolution
		Debug|Any CPU = Debug|Any CPU
		Release|Any CPU = Release|Any CPU
	EndGlobalSection
	GlobalSection(ProjectConfigurationPlatforms) = postSolution
		{2DBFF294-E0BC-4962-B237-EFC2C81E1A4A}.Debug|Any CPU.ActiveCfg = Debug|Any CPU
		{2DBFF294-E0BC-4962-B237-EFC2C81E1A4A}.Debug|Any CPU.Build.0 = Debug|Any CPU
		{2DBFF294-E0BC-4962-B237-EFC2C81E1A4A}.Release|Any CPU.ActiveCfg = Release|Any CPU
		{2DBFF294-E0BC-4962-B237-EFC2C81E1A4A}.Release|Any CPU.Build.0 = Release|Any CPU
	EndGlobalSection
	GlobalSection(SolutionProperties) = preSolution
		HideSolutionNode = FALSE
	EndGlobalSection
	GlobalSection(ExtensibilityGlobals) = postSolution
		SolutionGuid = {00F1C6CE-ED00-4D53-A195-1AC6E16C5BA3}
	EndGlobalSection
EndGlobal
