
Microsoft Visual Studio Solution File, Format Version 12.00
# Visual Studio 15
VisualStudioVersion = 15.0.28010.0
MinimumVisualStudioVersion = 10.0.40219.1
Project("{FAE04EC0-301F-11D3-BF4B-00C04F79EFBC}") = "1 Pension", "1 Pension\1 Pension.csproj", "{97D9B70C-C66F-4037-8F34-310E06F6B585}"
EndProject
Global
	GlobalSection(SolutionConfigurationPlatforms) = preSolution
		Debug|Any CPU = Debug|Any CPU
		Release|Any CPU = Release|Any CPU
	EndGlobalSection
	GlobalSection(ProjectConfigurationPlatforms) = postSolution
		{97D9B70C-C66F-4037-8F34-310E06F6B585}.Debug|Any CPU.ActiveCfg = Debug|Any CPU
		{97D9B70C-C66F-4037-8F34-310E06F6B585}.Debug|Any CPU.Build.0 = Debug|Any CPU
		{97D9B70C-C66F-4037-8F34-310E06F6B585}.Release|Any CPU.ActiveCfg = Release|Any CPU
		{97D9B70C-C66F-4037-8F34-310E06F6B585}.Release|Any CPU.Build.0 = Release|Any CPU
	EndGlobalSection
	GlobalSection(SolutionProperties) = preSolution
		HideSolutionNode = FALSE
	EndGlobalSection
	GlobalSection(ExtensibilityGlobals) = postSolution
		SolutionGuid = {21402D3D-25DB-41A7-AF72-3A3FDA679485}
	EndGlobalSection
EndGlobal
